
Microsoft Visual Studio Solution File, Format Version 12.00
# Visual Studio Version 17
VisualStudioVersion = 17.1.32319.34
MinimumVisualStudioVersion = 10.0.40219.1
Project("{2150E333-8FDC-42A3-9474-1A3956D46DE8}") = "Solution Items", "Solution Items", "{A97E73AD-3AEB-405B-A5A4-CC766FEE14D6}"
	ProjectSection(SolutionItems) = preProject
		.editorconfig = .editorconfig
		.gitattributes = .gitattributes
		.gitignore = .gitignore
		.github\workflows\build.yml = .github\workflows\build.yml
		dockerBuild.ps1 = dockerBuild.ps1
		Dockerfile = Dockerfile
		dockerRun.ps1 = dockerRun.ps1
		localQualityChecks.ps1 = localQualityChecks.ps1
		localQualityChecks.sh = localQualityChecks.sh
		README.md = README.md
		.github\workflows\todo-issues.yml = .github\workflows\todo-issues.yml
	EndProjectSection
EndProject
Project("{9A19103F-16F7-4668-BE54-9A1E7A4F7556}") = "OnboardRS.ToDoIssues.Business", "OnboardRS.ToDoIssues.Business\OnboardRS.ToDoIssues.Business.csproj", "{79E36595-14B6-416A-9E28-D03E7B7BC1B0}"
EndProject
Project("{9A19103F-16F7-4668-BE54-9A1E7A4F7556}") = "OnboardRS.ToDoIssues.GitHubAction", "OnboardRS.ToDoIssues.GitHubAction\OnboardRS.ToDoIssues.GitHubAction.csproj", "{0596E8F6-9354-4B37-A913-F005990AF600}"
EndProject
Project("{9A19103F-16F7-4668-BE54-9A1E7A4F7556}") = "OnboardRS.ToDoIssues.Tests", "OnboardRS.ToDoIssues.Tests\OnboardRS.ToDoIssues.Tests.csproj", "{0EA4D860-76B1-4AA2-9B1B-FC6B82E98D68}"
EndProject
Global
	GlobalSection(SolutionConfigurationPlatforms) = preSolution
		Debug|Any CPU = Debug|Any CPU
		Release|Any CPU = Release|Any CPU
	EndGlobalSection
	GlobalSection(ProjectConfigurationPlatforms) = postSolution
		{79E36595-14B6-416A-9E28-D03E7B7BC1B0}.Debug|Any CPU.ActiveCfg = Debug|Any CPU
		{79E36595-14B6-416A-9E28-D03E7B7BC1B0}.Debug|Any CPU.Build.0 = Debug|Any CPU
		{79E36595-14B6-416A-9E28-D03E7B7BC1B0}.Release|Any CPU.ActiveCfg = Release|Any CPU
		{79E36595-14B6-416A-9E28-D03E7B7BC1B0}.Release|Any CPU.Build.0 = Release|Any CPU
		{0596E8F6-9354-4B37-A913-F005990AF600}.Debug|Any CPU.ActiveCfg = Debug|Any CPU
		{0596E8F6-9354-4B37-A913-F005990AF600}.Debug|Any CPU.Build.0 = Debug|Any CPU
		{0596E8F6-9354-4B37-A913-F005990AF600}.Release|Any CPU.ActiveCfg = Release|Any CPU
		{0596E8F6-9354-4B37-A913-F005990AF600}.Release|Any CPU.Build.0 = Release|Any CPU
		{0EA4D860-76B1-4AA2-9B1B-FC6B82E98D68}.Debug|Any CPU.ActiveCfg = Debug|Any CPU
		{0EA4D860-76B1-4AA2-9B1B-FC6B82E98D68}.Debug|Any CPU.Build.0 = Debug|Any CPU
		{0EA4D860-76B1-4AA2-9B1B-FC6B82E98D68}.Release|Any CPU.ActiveCfg = Release|Any CPU
		{0EA4D860-76B1-4AA2-9B1B-FC6B82E98D68}.Release|Any CPU.Build.0 = Release|Any CPU
	EndGlobalSection
	GlobalSection(SolutionProperties) = preSolution
		HideSolutionNode = FALSE
	EndGlobalSection
	GlobalSection(ExtensibilityGlobals) = postSolution
		SolutionGuid = {49722872-CA29-4345-8DB3-4D627421A627}
	EndGlobalSection
EndGlobal
